
Microsoft Visual Studio Solution File, Format Version 12.00
# Visual Studio Version 16
VisualStudioVersion = 16.0.30114.105
MinimumVisualStudioVersion = 10.0.40219.1
Project("{FAE04EC0-301F-11D3-BF4B-00C04F79EFBC}") = "ECS-Webservice", "ECS-Webservice\ECS-Webservice.csproj", "{EC77E438-78B0-4FA9-8D84-C3BC5D53BADB}"
EndProject
Global
	GlobalSection(SolutionConfigurationPlatforms) = preSolution
		Debug|Any CPU = Debug|Any CPU
		Debug|x64 = Debug|x64
		Debug|x86 = Debug|x86
		Release|Any CPU = Release|Any CPU
		Release|x64 = Release|x64
		Release|x86 = Release|x86
	EndGlobalSection
	GlobalSection(SolutionProperties) = preSolution
		HideSolutionNode = FALSE
	EndGlobalSection
	GlobalSection(ProjectConfigurationPlatforms) = postSolution
		{EC77E438-78B0-4FA9-8D84-C3BC5D53BADB}.Debug|Any CPU.ActiveCfg = Debug|Any CPU
		{EC77E438-78B0-4FA9-8D84-C3BC5D53BADB}.Debug|Any CPU.Build.0 = Debug|Any CPU
		{EC77E438-78B0-4FA9-8D84-C3BC5D53BADB}.Debug|x64.ActiveCfg = Debug|Any CPU
		{EC77E438-78B0-4FA9-8D84-C3BC5D53BADB}.Debug|x64.Build.0 = Debug|Any CPU
		{EC77E438-78B0-4FA9-8D84-C3BC5D53BADB}.Debug|x86.ActiveCfg = Debug|Any CPU
		{EC77E438-78B0-4FA9-8D84-C3BC5D53BADB}.Debug|x86.Build.0 = Debug|Any CPU
		{EC77E438-78B0-4FA9-8D84-C3BC5D53BADB}.Release|Any CPU.ActiveCfg = Release|Any CPU
		{EC77E438-78B0-4FA9-8D84-C3BC5D53BADB}.Release|Any CPU.Build.0 = Release|Any CPU
		{EC77E438-78B0-4FA9-8D84-C3BC5D53BADB}.Release|x64.ActiveCfg = Release|Any CPU
		{EC77E438-78B0-4FA9-8D84-C3BC5D53BADB}.Release|x64.Build.0 = Release|Any CPU
		{EC77E438-78B0-4FA9-8D84-C3BC5D53BADB}.Release|x86.ActiveCfg = Release|Any CPU
		{EC77E438-78B0-4FA9-8D84-C3BC5D53BADB}.Release|x86.Build.0 = Release|Any CPU
	EndGlobalSection
EndGlobal
